
Microsoft Visual Studio Solution File, Format Version 12.00
# Visual Studio Version 17
VisualStudioVersion = 17.2.32526.322
MinimumVisualStudioVersion = 10.0.40219.1
Project("{2150E333-8FDC-42A3-9474-1A3956D46DE8}") = "Services", "Services", "{358C55E8-F0BF-4654-94B1-9F356BB2FCDA}"
EndProject
Project("{2150E333-8FDC-42A3-9474-1A3956D46DE8}") = "Clients", "Clients", "{142A55A9-E884-4816-AABD-6E32C745FE23}"
EndProject
Project("{2150E333-8FDC-42A3-9474-1A3956D46DE8}") = "Core", "Core", "{6D3D42F8-15BF-43E5-8DC0-1697744BB1E3}"
EndProject
Project("{2150E333-8FDC-42A3-9474-1A3956D46DE8}") = "AdoteUmPet", "AdoteUmPet", "{07E91144-6700-48E2-854E-B919771308F0}"
EndProject
Project("{FAE04EC0-301F-11D3-BF4B-00C04F79EFBC}") = "AdoteUmPet.API", "Services\AdoteUmPet\AdoteUmPet.API\AdoteUmPet.API.csproj", "{C97ECFCA-C4A3-4EF7-8B14-951F850D3536}"
EndProject
Project("{FAE04EC0-301F-11D3-BF4B-00C04F79EFBC}") = "AdoteUmPet.Application", "Services\AdoteUmPet\AdoteUmPet.Application\AdoteUmPet.Application.csproj", "{276BCB6C-7522-4F0C-BE44-EC891BFDD70F}"
EndProject
Project("{FAE04EC0-301F-11D3-BF4B-00C04F79EFBC}") = "AdoteUmPet.Domain", "Services\AdoteUmPet\AdoteUmPet.Domain\AdoteUmPet.Domain.csproj", "{52BCC977-99A3-4CFD-A027-EE45E2BD37C7}"
EndProject
Project("{FAE04EC0-301F-11D3-BF4B-00C04F79EFBC}") = "AdoteUmPet.Infrastructure", "Services\AdoteUmPet\AdoteUmPet.Infrastructure\AdoteUmPet.Infrastructure.csproj", "{F9261345-BF89-44DA-84BF-56B384C67666}"
EndProject
Global
	GlobalSection(SolutionConfigurationPlatforms) = preSolution
		Debug|Any CPU = Debug|Any CPU
		Release|Any CPU = Release|Any CPU
	EndGlobalSection
	GlobalSection(ProjectConfigurationPlatforms) = postSolution
		{C97ECFCA-C4A3-4EF7-8B14-951F850D3536}.Debug|Any CPU.ActiveCfg = Debug|Any CPU
		{C97ECFCA-C4A3-4EF7-8B14-951F850D3536}.Debug|Any CPU.Build.0 = Debug|Any CPU
		{C97ECFCA-C4A3-4EF7-8B14-951F850D3536}.Release|Any CPU.ActiveCfg = Release|Any CPU
		{C97ECFCA-C4A3-4EF7-8B14-951F850D3536}.Release|Any CPU.Build.0 = Release|Any CPU
		{276BCB6C-7522-4F0C-BE44-EC891BFDD70F}.Debug|Any CPU.ActiveCfg = Debug|Any CPU
		{276BCB6C-7522-4F0C-BE44-EC891BFDD70F}.Debug|Any CPU.Build.0 = Debug|Any CPU
		{276BCB6C-7522-4F0C-BE44-EC891BFDD70F}.Release|Any CPU.ActiveCfg = Release|Any CPU
		{276BCB6C-7522-4F0C-BE44-EC891BFDD70F}.Release|Any CPU.Build.0 = Release|Any CPU
		{52BCC977-99A3-4CFD-A027-EE45E2BD37C7}.Debug|Any CPU.ActiveCfg = Debug|Any CPU
		{52BCC977-99A3-4CFD-A027-EE45E2BD37C7}.Debug|Any CPU.Build.0 = Debug|Any CPU
		{52BCC977-99A3-4CFD-A027-EE45E2BD37C7}.Release|Any CPU.ActiveCfg = Release|Any CPU
		{52BCC977-99A3-4CFD-A027-EE45E2BD37C7}.Release|Any CPU.Build.0 = Release|Any CPU
		{F9261345-BF89-44DA-84BF-56B384C67666}.Debug|Any CPU.ActiveCfg = Debug|Any CPU
		{F9261345-BF89-44DA-84BF-56B384C67666}.Debug|Any CPU.Build.0 = Debug|Any CPU
		{F9261345-BF89-44DA-84BF-56B384C67666}.Release|Any CPU.ActiveCfg = Release|Any CPU
		{F9261345-BF89-44DA-84BF-56B384C67666}.Release|Any CPU.Build.0 = Release|Any CPU
	EndGlobalSection
	GlobalSection(SolutionProperties) = preSolution
		HideSolutionNode = FALSE
	EndGlobalSection
	GlobalSection(NestedProjects) = preSolution
		{07E91144-6700-48E2-854E-B919771308F0} = {358C55E8-F0BF-4654-94B1-9F356BB2FCDA}
		{C97ECFCA-C4A3-4EF7-8B14-951F850D3536} = {07E91144-6700-48E2-854E-B919771308F0}
		{276BCB6C-7522-4F0C-BE44-EC891BFDD70F} = {07E91144-6700-48E2-854E-B919771308F0}
		{52BCC977-99A3-4CFD-A027-EE45E2BD37C7} = {07E91144-6700-48E2-854E-B919771308F0}
		{F9261345-BF89-44DA-84BF-56B384C67666} = {07E91144-6700-48E2-854E-B919771308F0}
	EndGlobalSection
	GlobalSection(ExtensibilityGlobals) = postSolution
		SolutionGuid = {ECE38732-1A80-4D79-AA04-8C78CB397863}
	EndGlobalSection
EndGlobal
